{
  "nodes": {
    "nixpkgs": {
      "locked": {
        "lastModified": 1766420359,
        "narHash": "sha256-fDBheI9zAcgiPyTK4Ei5qRrFKq+q6z/9yBXRMgxqNQU=",
        "owner": "NixOS",
        "repo": "nixpkgs",
        "rev": "41e59b8e2eea7bc78a0441b9b9236e42680fb7a4",
        "type": "github"
      },
      "original": {
        "owner": "NixOS",
        "repo": "nixpkgs",
        "type": "github"
      }
    },
    "root": {
      "inputs": {
        "nixpkgs": "nixpkgs"
      }
    }
  },
  "root": "root",
  "version": 7
}
