{
  "nodes": {
    "nixpkgs": {
      "locked": {
        "lastModified": 1754320739,
        "narHash": "sha256-fWULTlpolxlS+BDj2g0KUEe129DeUajAE6PHGIURDqI=",
        "owner": "NixOS",
        "repo": "nixpkgs",
        "rev": "8fb1119164f9193c8f3a52d5777eed6964df2312",
        "type": "github"
      },
      "original": {
        "owner": "NixOS",
        "repo": "nixpkgs",
        "type": "github"
      }
    },
    "root": {
      "inputs": {
        "nixpkgs": "nixpkgs"
      }
    }
  },
  "root": "root",
  "version": 7
}
